
Microsoft Visual Studio Solution File, Format Version 11.00
# Visual Studio 2010
Project("{FAE04EC0-301F-11D3-BF4B-00C04F79EFBC}") = "Metsys.Redis", "Metsys.Redis\Metsys.Redis.csproj", "{C050F51C-8CAC-4E10-A215-AE155F67EA02}"
EndProject
Project("{FAE04EC0-301F-11D3-BF4B-00C04F79EFBC}") = "Metsys.Redis.Console", "Metsys.Redis.Console\Metsys.Redis.Console.csproj", "{B28FB5AB-98D9-4B5B-A8F6-E39BBCB64EA4}"
EndProject
Project("{FAE04EC0-301F-11D3-BF4B-00C04F79EFBC}") = "Metsys.Redis.Tests", "Metsys.Redis.Tests\Metsys.Redis.Tests.csproj", "{83A9D87F-E7AA-40D7-8403-4A8BDF09357C}"
EndProject
Global
	GlobalSection(SolutionConfigurationPlatforms) = preSolution
		Debug|Any CPU = Debug|Any CPU
		Debug|Mixed Platforms = Debug|Mixed Platforms
		Debug|x86 = Debug|x86
		Release|Any CPU = Release|Any CPU
		Release|Mixed Platforms = Release|Mixed Platforms
		Release|x86 = Release|x86
	EndGlobalSection
	GlobalSection(ProjectConfigurationPlatforms) = postSolution
		{C050F51C-8CAC-4E10-A215-AE155F67EA02}.Debug|Any CPU.ActiveCfg = Debug|Any CPU
		{C050F51C-8CAC-4E10-A215-AE155F67EA02}.Debug|Any CPU.Build.0 = Debug|Any CPU
		{C050F51C-8CAC-4E10-A215-AE155F67EA02}.Debug|Mixed Platforms.ActiveCfg = Debug|Any CPU
		{C050F51C-8CAC-4E10-A215-AE155F67EA02}.Debug|Mixed Platforms.Build.0 = Debug|Any CPU
		{C050F51C-8CAC-4E10-A215-AE155F67EA02}.Debug|x86.ActiveCfg = Debug|Any CPU
		{C050F51C-8CAC-4E10-A215-AE155F67EA02}.Release|Any CPU.ActiveCfg = Release|Any CPU
		{C050F51C-8CAC-4E10-A215-AE155F67EA02}.Release|Any CPU.Build.0 = Release|Any CPU
		{C050F51C-8CAC-4E10-A215-AE155F67EA02}.Release|Mixed Platforms.ActiveCfg = Release|Any CPU
		{C050F51C-8CAC-4E10-A215-AE155F67EA02}.Release|Mixed Platforms.Build.0 = Release|Any CPU
		{C050F51C-8CAC-4E10-A215-AE155F67EA02}.Release|x86.ActiveCfg = Release|Any CPU
		{B28FB5AB-98D9-4B5B-A8F6-E39BBCB64EA4}.Debug|Any CPU.ActiveCfg = Debug|x86
		{B28FB5AB-98D9-4B5B-A8F6-E39BBCB64EA4}.Debug|Mixed Platforms.ActiveCfg = Debug|x86
		{B28FB5AB-98D9-4B5B-A8F6-E39BBCB64EA4}.Debug|Mixed Platforms.Build.0 = Debug|x86
		{B28FB5AB-98D9-4B5B-A8F6-E39BBCB64EA4}.Debug|x86.ActiveCfg = Debug|x86
		{B28FB5AB-98D9-4B5B-A8F6-E39BBCB64EA4}.Debug|x86.Build.0 = Debug|x86
		{B28FB5AB-98D9-4B5B-A8F6-E39BBCB64EA4}.Release|Any CPU.ActiveCfg = Release|x86
		{B28FB5AB-98D9-4B5B-A8F6-E39BBCB64EA4}.Release|Mixed Platforms.ActiveCfg = Release|x86
		{B28FB5AB-98D9-4B5B-A8F6-E39BBCB64EA4}.Release|Mixed Platforms.Build.0 = Release|x86
		{B28FB5AB-98D9-4B5B-A8F6-E39BBCB64EA4}.Release|x86.ActiveCfg = Release|x86
		{B28FB5AB-98D9-4B5B-A8F6-E39BBCB64EA4}.Release|x86.Build.0 = Release|x86
		{83A9D87F-E7AA-40D7-8403-4A8BDF09357C}.Debug|Any CPU.ActiveCfg = Debug|Any CPU
		{83A9D87F-E7AA-40D7-8403-4A8BDF09357C}.Debug|Any CPU.Build.0 = Debug|Any CPU
		{83A9D87F-E7AA-40D7-8403-4A8BDF09357C}.Debug|Mixed Platforms.ActiveCfg = Debug|Any CPU
		{83A9D87F-E7AA-40D7-8403-4A8BDF09357C}.Debug|Mixed Platforms.Build.0 = Debug|Any CPU
		{83A9D87F-E7AA-40D7-8403-4A8BDF09357C}.Debug|x86.ActiveCfg = Debug|Any CPU
		{83A9D87F-E7AA-40D7-8403-4A8BDF09357C}.Release|Any CPU.ActiveCfg = Release|Any CPU
		{83A9D87F-E7AA-40D7-8403-4A8BDF09357C}.Release|Any CPU.Build.0 = Release|Any CPU
		{83A9D87F-E7AA-40D7-8403-4A8BDF09357C}.Release|Mixed Platforms.ActiveCfg = Release|Any CPU
		{83A9D87F-E7AA-40D7-8403-4A8BDF09357C}.Release|Mixed Platforms.Build.0 = Release|Any CPU
		{83A9D87F-E7AA-40D7-8403-4A8BDF09357C}.Release|x86.ActiveCfg = Release|Any CPU
	EndGlobalSection
	GlobalSection(SolutionProperties) = preSolution
		HideSolutionNode = FALSE
	EndGlobalSection
EndGlobal
